{
  "nodes": {
    "nixpkgs": {
      "locked": {
        "lastModified": 1704420045,
        "narHash": "sha256-C36QmoJd5tdQ5R9MC1jM7fBkZW9zBUqbUCsgwS6j4QU=",
        "owner": "NixOS",
        "repo": "nixpkgs",
        "rev": "c1be43e8e837b8dbee2b3665a007e761680f0c3d",
        "type": "github"
      },
      "original": {
        "id": "nixpkgs",
        "ref": "nixos-23.11",
        "type": "indirect"
      }
    },
    "nur": {
      "locked": {
        "lastModified": 1704743097,
        "narHash": "sha256-LIvOz3JEuFE0t0PAl6G2Fx5VGu3gbsTkB9YVrqaUg2c=",
        "owner": "nix-community",
        "repo": "NUR",
        "rev": "f53bd4e7be4a0511d74f4c9b977eda365af5cce2",
        "type": "github"
      },
      "original": {
        "id": "nur",
        "type": "indirect"
      }
    },
    "root": {
      "inputs": {
        "nixpkgs": "nixpkgs",
        "nur": "nur"
      }
    }
  },
  "root": "root",
  "version": 7
}
