{
  "nodes": {
    "nixpkgs": {
      "locked": {
        "lastModified": 1700671922,
        "narHash": "sha256-XPh/AHD14O+oaztjSb53c3Gh9K1JQHNBOTdn0dvtJpM=",
        "owner": "NixOS",
        "repo": "nixpkgs",
        "rev": "4784a12198f7434971d5bb8aa6f111acef662ff4",
        "type": "github"
      },
      "original": {
        "id": "nixpkgs",
        "ref": "nixos-23.11",
        "type": "indirect"
      }
    },
    "nur": {
      "locked": {
        "lastModified": 1700847898,
        "narHash": "sha256-TDZlLBNL6mNP0y+fQ0beDsnlRPRK/ziHWJ5e588kJCw=",
        "owner": "nix-community",
        "repo": "NUR",
        "rev": "6a73c040a4b9cf6c8c2a11dddd3d98e8f56a7b70",
        "type": "github"
      },
      "original": {
        "id": "nur",
        "type": "indirect"
      }
    },
    "root": {
      "inputs": {
        "nixpkgs": "nixpkgs",
        "nur": "nur"
      }
    }
  },
  "root": "root",
  "version": 7
}
